<?xml version="1.0" encoding="utf-8"?>
<Project ToolsVersion="Current" xmlns="http://schemas.microsoft.com/developer/msbuild/2003">
  <ItemGroup>
    <FxCompile Include="TargetMerge.hlsl">
      <Filter>RenderTargetEffect</Filter>
    </FxCompile>
    <FxCompile Include="Blur.hlsl">
      <Filter>RenderTargetEffect</Filter>
    </FxCompile>
    <FxCompile Include="Color.hlsl">
      <Filter>Object</Filter>
    </FxCompile>
    <FxCompile Include="Texture.hlsl">
      <Filter>Object</Filter>
    </FxCompile>
    <FxCompile Include="TextureAtlas.hlsl">
      <Filter>Object</Filter>
    </FxCompile>
    <FxCompile Include="Debug3D.hlsl">
      <Filter>Debug</Filter>
    </FxCompile>
    <FxCompile Include="DebugTexture.hlsl">
      <Filter>Debug</Filter>
    </FxCompile>
    <FxCompile Include="RenderOption.hlsli" />
    <FxCompile Include="TextureAnimation.hlsl">
      <Filter>Object</Filter>
    </FxCompile>
  </ItemGroup>
  <ItemGroup>
    <Filter Include="Debug">
      <UniqueIdentifier>{3a73b1f1-4ef0-4ce0-937f-f6aecc35ff3d}</UniqueIdentifier>
    </Filter>
    <Filter Include="Object">
      <UniqueIdentifier>{be5d1b1d-96f4-4a59-a95b-48e05b765593}</UniqueIdentifier>
    </Filter>
    <Filter Include="RenderTargetEffect">
      <UniqueIdentifier>{85bee332-ab17-40db-a76f-aeb4c633ac25}</UniqueIdentifier>
    </Filter>
    <Filter Include="RenderTargetEffect\DeferredRendering">
      <UniqueIdentifier>{0b790113-2d70-4343-b52f-4eff46955e86}</UniqueIdentifier>
    </Filter>
    <Filter Include="Object\DeferredRendering">
      <UniqueIdentifier>{4dad87dc-a7e2-460d-be20-f5eb4f05740a}</UniqueIdentifier>
    </Filter>
  </ItemGroup>
  <ItemGroup>
    <CopyFileToFolders Include="TransformHeader.hlsli" />
  </ItemGroup>
  <ItemGroup>
    <None Include="LightHeader.hlsli" />
    <None Include="LightTest.hlsl">
      <Filter>Object</Filter>
    </None>
    <None Include="DeferredHeader.hlsli" />
    <None Include="CalDeferredLight.hlsl">
      <Filter>RenderTargetEffect\DeferredRendering</Filter>
    </None>
    <None Include="CalDeferredMerger.hlsl">
      <Filter>RenderTargetEffect\DeferredRendering</Filter>
    </None>
    <None Include="DeferredColor.hlsl">
      <Filter>Object\DeferredRendering</Filter>
    </None>
  </ItemGroup>
</Project>