
Microsoft Visual Studio Solution File, Format Version 12.00
# Visual Studio Version 17
VisualStudioVersion = 17.3.32929.385
MinimumVisualStudioVersion = 10.0.40219.1
Project("{2150E333-8FDC-42A3-9474-1A3956D46DE8}") = "Level 0", "Level 0", "{F83412A1-F6FB-43E2-84A8-B0770A801C29}"
EndProject
Project("{2150E333-8FDC-42A3-9474-1A3956D46DE8}") = "Level 1", "Level 1", "{3B355703-D524-4A43-A351-727EABAECD65}"
EndProject
Project("{2150E333-8FDC-42A3-9474-1A3956D46DE8}") = "Level 2", "Level 2", "{454116AA-E071-4889-A56D-3C3BFD610975}"
EndProject
Project("{2150E333-8FDC-42A3-9474-1A3956D46DE8}") = "Level 3", "Level 3", "{CF3BB273-DECA-4A44-901A-6C3F353D3BEF}"
EndProject
Project("{8BC9CEB8-8B4A-11D0-8D11-00A0C91BC942}") = "GameEngineBase", "GameEngineBase\GameEngineBase.vcxproj", "{BB7F56F8-2E6F-4E25-B589-979D4AD64789}"
EndProject
Project("{8BC9CEB8-8B4A-11D0-8D11-00A0C91BC942}") = "GameEngineCore", "GameEngineCore\GameEngineCore.vcxproj", "{A2E829FD-5DEE-41AE-A2BE-3C37A8CB7241}"
	ProjectSection(ProjectDependencies) = postProject
		{BB7F56F8-2E6F-4E25-B589-979D4AD64789} = {BB7F56F8-2E6F-4E25-B589-979D4AD64789}
	EndProjectSection
EndProject
Project("{8BC9CEB8-8B4A-11D0-8D11-00A0C91BC942}") = "GameEngineApp", "GameEngineApp\GameEngineApp.vcxproj", "{35809C31-8AB5-46A9-9963-AFC64D437450}"
	ProjectSection(ProjectDependencies) = postProject
		{553580D7-E01A-4852-A03F-176FAB01BC94} = {553580D7-E01A-4852-A03F-176FAB01BC94}
		{A2E829FD-5DEE-41AE-A2BE-3C37A8CB7241} = {A2E829FD-5DEE-41AE-A2BE-3C37A8CB7241}
		{BB7F56F8-2E6F-4E25-B589-979D4AD64789} = {BB7F56F8-2E6F-4E25-B589-979D4AD64789}
	EndProjectSection
EndProject
Project("{8BC9CEB8-8B4A-11D0-8D11-00A0C91BC942}") = "GameEngineShader", "GameEngineResources\GameEngineShader\GameEngineShader.vcxproj", "{DD1075BB-4698-45A0-BDB3-6F1844CC84C8}"
EndProject
Project("{8BC9CEB8-8B4A-11D0-8D11-00A0C91BC942}") = "GameEngineContents", "GameEngineContents\GameEngineContents.vcxproj", "{553580D7-E01A-4852-A03F-176FAB01BC94}"
EndProject
Global
	GlobalSection(SolutionConfigurationPlatforms) = preSolution
		Debug|x64 = Debug|x64
		Debug|x86 = Debug|x86
		Release|x64 = Release|x64
		Release|x86 = Release|x86
	EndGlobalSection
	GlobalSection(ProjectConfigurationPlatforms) = postSolution
		{BB7F56F8-2E6F-4E25-B589-979D4AD64789}.Debug|x64.ActiveCfg = Debug|x64
		{BB7F56F8-2E6F-4E25-B589-979D4AD64789}.Debug|x64.Build.0 = Debug|x64
		{BB7F56F8-2E6F-4E25-B589-979D4AD64789}.Debug|x86.ActiveCfg = Debug|Win32
		{BB7F56F8-2E6F-4E25-B589-979D4AD64789}.Debug|x86.Build.0 = Debug|Win32
		{BB7F56F8-2E6F-4E25-B589-979D4AD64789}.Release|x64.ActiveCfg = Release|x64
		{BB7F56F8-2E6F-4E25-B589-979D4AD64789}.Release|x64.Build.0 = Release|x64
		{BB7F56F8-2E6F-4E25-B589-979D4AD64789}.Release|x86.ActiveCfg = Release|Win32
		{BB7F56F8-2E6F-4E25-B589-979D4AD64789}.Release|x86.Build.0 = Release|Win32
		{A2E829FD-5DEE-41AE-A2BE-3C37A8CB7241}.Debug|x64.ActiveCfg = Debug|x64
		{A2E829FD-5DEE-41AE-A2BE-3C37A8CB7241}.Debug|x64.Build.0 = Debug|x64
		{A2E829FD-5DEE-41AE-A2BE-3C37A8CB7241}.Debug|x86.ActiveCfg = Debug|Win32
		{A2E829FD-5DEE-41AE-A2BE-3C37A8CB7241}.Debug|x86.Build.0 = Debug|Win32
		{A2E829FD-5DEE-41AE-A2BE-3C37A8CB7241}.Release|x64.ActiveCfg = Release|x64
		{A2E829FD-5DEE-41AE-A2BE-3C37A8CB7241}.Release|x64.Build.0 = Release|x64
		{A2E829FD-5DEE-41AE-A2BE-3C37A8CB7241}.Release|x86.ActiveCfg = Release|Win32
		{A2E829FD-5DEE-41AE-A2BE-3C37A8CB7241}.Release|x86.Build.0 = Release|Win32
		{35809C31-8AB5-46A9-9963-AFC64D437450}.Debug|x64.ActiveCfg = Debug|x64
		{35809C31-8AB5-46A9-9963-AFC64D437450}.Debug|x64.Build.0 = Debug|x64
		{35809C31-8AB5-46A9-9963-AFC64D437450}.Debug|x86.ActiveCfg = Debug|Win32
		{35809C31-8AB5-46A9-9963-AFC64D437450}.Debug|x86.Build.0 = Debug|Win32
		{35809C31-8AB5-46A9-9963-AFC64D437450}.Release|x64.ActiveCfg = Release|x64
		{35809C31-8AB5-46A9-9963-AFC64D437450}.Release|x64.Build.0 = Release|x64
		{35809C31-8AB5-46A9-9963-AFC64D437450}.Release|x86.ActiveCfg = Release|Win32
		{35809C31-8AB5-46A9-9963-AFC64D437450}.Release|x86.Build.0 = Release|Win32
		{DD1075BB-4698-45A0-BDB3-6F1844CC84C8}.Debug|x64.ActiveCfg = Debug|x64
		{DD1075BB-4698-45A0-BDB3-6F1844CC84C8}.Debug|x64.Build.0 = Debug|x64
		{DD1075BB-4698-45A0-BDB3-6F1844CC84C8}.Debug|x86.ActiveCfg = Debug|Win32
		{DD1075BB-4698-45A0-BDB3-6F1844CC84C8}.Debug|x86.Build.0 = Debug|Win32
		{DD1075BB-4698-45A0-BDB3-6F1844CC84C8}.Release|x64.ActiveCfg = Release|x64
		{DD1075BB-4698-45A0-BDB3-6F1844CC84C8}.Release|x64.Build.0 = Release|x64
		{DD1075BB-4698-45A0-BDB3-6F1844CC84C8}.Release|x86.ActiveCfg = Release|Win32
		{DD1075BB-4698-45A0-BDB3-6F1844CC84C8}.Release|x86.Build.0 = Release|Win32
		{553580D7-E01A-4852-A03F-176FAB01BC94}.Debug|x64.ActiveCfg = Debug|x64
		{553580D7-E01A-4852-A03F-176FAB01BC94}.Debug|x64.Build.0 = Debug|x64
		{553580D7-E01A-4852-A03F-176FAB01BC94}.Debug|x86.ActiveCfg = Debug|Win32
		{553580D7-E01A-4852-A03F-176FAB01BC94}.Debug|x86.Build.0 = Debug|Win32
		{553580D7-E01A-4852-A03F-176FAB01BC94}.Release|x64.ActiveCfg = Release|x64
		{553580D7-E01A-4852-A03F-176FAB01BC94}.Release|x64.Build.0 = Release|x64
		{553580D7-E01A-4852-A03F-176FAB01BC94}.Release|x86.ActiveCfg = Release|Win32
		{553580D7-E01A-4852-A03F-176FAB01BC94}.Release|x86.Build.0 = Release|Win32
	EndGlobalSection
	GlobalSection(SolutionProperties) = preSolution
		HideSolutionNode = FALSE
	EndGlobalSection
	GlobalSection(NestedProjects) = preSolution
		{BB7F56F8-2E6F-4E25-B589-979D4AD64789} = {F83412A1-F6FB-43E2-84A8-B0770A801C29}
		{A2E829FD-5DEE-41AE-A2BE-3C37A8CB7241} = {3B355703-D524-4A43-A351-727EABAECD65}
		{35809C31-8AB5-46A9-9963-AFC64D437450} = {CF3BB273-DECA-4A44-901A-6C3F353D3BEF}
		{DD1075BB-4698-45A0-BDB3-6F1844CC84C8} = {3B355703-D524-4A43-A351-727EABAECD65}
		{553580D7-E01A-4852-A03F-176FAB01BC94} = {454116AA-E071-4889-A56D-3C3BFD610975}
	EndGlobalSection
	GlobalSection(ExtensibilityGlobals) = postSolution
		SolutionGuid = {C11CA84F-4C4B-4B50-9489-C88350E8072B}
	EndGlobalSection
EndGlobal
