<?xml version="1.0" encoding="utf-8"?>
<Project ToolsVersion="4.0" xmlns="http://schemas.microsoft.com/developer/msbuild/2003">
  <ItemGroup>
    <None Include="TransformHeader.hlsli" />
    <None Include="RenderOption.hlsli" />
    <None Include="Test.hlsl" />
    <None Include="Texture2DShadow.hlsl" />
  </ItemGroup>
  <ItemGroup>
    <FxCompile Include="TileTextureInstancing.hlsl" />
  </ItemGroup>
</Project>