<?xml version="1.0" encoding="utf-8"?>
<Project ToolsVersion="4.0" xmlns="http://schemas.microsoft.com/developer/msbuild/2003">
  <ItemGroup>
    <Filter Include="Actor">
      <UniqueIdentifier>{d9ca16bb-3410-433a-81e3-f72cb3564401}</UniqueIdentifier>
    </Filter>
    <Filter Include="PreCompile">
      <UniqueIdentifier>{9108e38e-43e8-4c9f-abeb-deece498860e}</UniqueIdentifier>
    </Filter>
    <Filter Include="Core">
      <UniqueIdentifier>{3aa935bf-c64f-4d01-81da-9c185fd54c57}</UniqueIdentifier>
    </Filter>
    <Filter Include="Actor\00. Global">
      <UniqueIdentifier>{23be44f3-ea54-4a44-9e0d-d3274cf8c33a}</UniqueIdentifier>
    </Filter>
    <Filter Include="Actor\02. Play">
      <UniqueIdentifier>{88d4ff25-7ace-4d9d-8f72-7ee0ddc30e4e}</UniqueIdentifier>
    </Filter>
    <Filter Include="Actor\00. Global\Actor">
      <UniqueIdentifier>{ba306fd0-5b4f-4cb3-9ad3-9600af026f20}</UniqueIdentifier>
    </Filter>
    <Filter Include="Actor\00. Global\Gui">
      <UniqueIdentifier>{7292cf92-6206-40f0-b95f-eaf527fee2cf}</UniqueIdentifier>
    </Filter>
    <Filter Include="Level">
      <UniqueIdentifier>{cf75bfa8-49ff-4b38-a299-672f96be44d5}</UniqueIdentifier>
    </Filter>
    <Filter Include="Actor\02. Play\Monster">
      <UniqueIdentifier>{3a6c1ce7-1d1e-44f8-8cb6-802ff0ac031c}</UniqueIdentifier>
    </Filter>
    <Filter Include="Actor\02. Play\Player">
      <UniqueIdentifier>{439cf48d-d902-482e-8f90-b697aca15416}</UniqueIdentifier>
    </Filter>
    <Filter Include="Level\Global">
      <UniqueIdentifier>{511b7861-1332-4deb-b12c-bdb89781028c}</UniqueIdentifier>
    </Filter>
    <Filter Include="Level\Global\ContentsSupport">
      <UniqueIdentifier>{a41ccc3f-24c4-41b8-b718-89a3d9fc90dc}</UniqueIdentifier>
    </Filter>
    <Filter Include="Actor\01. MapObject">
      <UniqueIdentifier>{636c1011-855a-4abe-8f80-049319fbe7cc}</UniqueIdentifier>
    </Filter>
    <Filter Include="Actor\00. Global\UI">
      <UniqueIdentifier>{225ab8d9-c46e-4642-8d1d-2b7af4400a48}</UniqueIdentifier>
    </Filter>
    <Filter Include="Actor\02. Play\Player\Skill">
      <UniqueIdentifier>{54e11fdb-2a53-46d4-bf11-b85e1e45c699}</UniqueIdentifier>
    </Filter>
    <Filter Include="Actor\02. Play\Player\Skill\Passive">
      <UniqueIdentifier>{3886a939-69e8-41ac-9bb2-9c8da9696efb}</UniqueIdentifier>
    </Filter>
    <Filter Include="Actor\02. Play\Player\Skill\Passive\Attack">
      <UniqueIdentifier>{ddcb2366-3b31-4439-a813-1f30eea01fe2}</UniqueIdentifier>
    </Filter>
    <Filter Include="Actor\02. Play\Player\Skill\Weapon">
      <UniqueIdentifier>{69133632-9e0b-4f1f-b383-f229947040c3}</UniqueIdentifier>
    </Filter>
    <Filter Include="Actor\00. Global\Com">
      <UniqueIdentifier>{8bbfbb2a-1b98-4fcc-a2b2-200fb47cce13}</UniqueIdentifier>
    </Filter>
    <Filter Include="Level\Global\ContentsSupport\Renderer">
      <UniqueIdentifier>{2140f890-01ea-4e48-b4d1-7fe2d7a62e15}</UniqueIdentifier>
    </Filter>
    <Filter Include="Level\Global\ContentsSupport\Actor">
      <UniqueIdentifier>{8784af60-8bcf-4147-afe5-2288f25621ce}</UniqueIdentifier>
    </Filter>
    <Filter Include="Actor\02. Play\Player\Skill\Weapon\Target">
      <UniqueIdentifier>{27cf4913-251b-48c0-b8b3-5a1e0d10cca9}</UniqueIdentifier>
    </Filter>
    <Filter Include="Actor\02. Play\Player\Skill\Weapon\Aim">
      <UniqueIdentifier>{5ca25ae8-a1dd-46ff-a25f-646c74266d3e}</UniqueIdentifier>
    </Filter>
    <Filter Include="Actor\02. Play\Player\Skill\Weapon\Range">
      <UniqueIdentifier>{ef4d31da-3578-4210-88a1-269999034a57}</UniqueIdentifier>
    </Filter>
    <Filter Include="Actor\02. Play\Player\Skill\Passive\Deffence">
      <UniqueIdentifier>{1e27bf76-41cb-4c89-b27b-1f44b14d69b9}</UniqueIdentifier>
    </Filter>
    <Filter Include="Actor\02. Play\Monster\Boss">
      <UniqueIdentifier>{6e1ca960-0262-44d8-90bd-1422f2c73558}</UniqueIdentifier>
    </Filter>
    <Filter Include="Actor\02. Play\Monster\Nomal">
      <UniqueIdentifier>{98b7e95d-8a94-41cb-8aee-222b8bde439e}</UniqueIdentifier>
    </Filter>
    <Filter Include="Actor\02. Play\Monster\Elite">
      <UniqueIdentifier>{dc5e78d5-911d-4c3f-b4c6-5c9f2a37e1ca}</UniqueIdentifier>
    </Filter>
    <Filter Include="Actor\02. Play\Player\Skill\Passive\Sub">
      <UniqueIdentifier>{e7f05a6a-28bb-41d3-aa74-843df1ec610c}</UniqueIdentifier>
    </Filter>
    <Filter Include="Level\Global\Test">
      <UniqueIdentifier>{a63c77da-3c25-41d8-be54-88b5b563fe84}</UniqueIdentifier>
    </Filter>
    <Filter Include="Actor\02. Play\GameObject">
      <UniqueIdentifier>{6d2a5ff4-cf02-445f-be95-968501907971}</UniqueIdentifier>
    </Filter>
    <Filter Include="Actor\03. End and Title">
      <UniqueIdentifier>{605e1ce8-7d45-4dd1-b633-eb2e0bda5864}</UniqueIdentifier>
    </Filter>
  </ItemGroup>
  <ItemGroup>
    <ClCompile Include="PreCompile.cpp">
      <Filter>PreCompile</Filter>
    </ClCompile>
    <ClCompile Include="ContentsCore.cpp">
      <Filter>Core</Filter>
    </ClCompile>
    <ClCompile Include="GlobalContentsValue.cpp" />
    <ClCompile Include="TitleLevel.cpp">
      <Filter>Level</Filter>
    </ClCompile>
    <ClCompile Include="WorldMapLevel.cpp">
      <Filter>Level</Filter>
    </ClCompile>
    <ClCompile Include="StageLevel.cpp">
      <Filter>Level</Filter>
    </ClCompile>
    <ClCompile Include="TestLevel.cpp">
      <Filter>Level</Filter>
    </ClCompile>
    <ClCompile Include="ShaderTestLevel.cpp">
      <Filter>Level</Filter>
    </ClCompile>
    <ClCompile Include="TimeActor.cpp">
      <Filter>Actor\00. Global\Actor</Filter>
    </ClCompile>
    <ClCompile Include="Monster.cpp">
      <Filter>Actor\02. Play\Monster</Filter>
    </ClCompile>
    <ClCompile Include="Player.cpp">
      <Filter>Actor\02. Play\Player</Filter>
    </ClCompile>
    <ClCompile Include="Mouse.cpp">
      <Filter>Actor\00. Global\Actor</Filter>
    </ClCompile>
    <ClCompile Include="PlayerUI.cpp">
      <Filter>Actor\00. Global\UI</Filter>
    </ClCompile>
    <ClCompile Include="StageUI.cpp">
      <Filter>Actor\00. Global\UI</Filter>
    </ClCompile>
    <ClCompile Include="LoginUI.cpp">
      <Filter>Actor\00. Global\UI</Filter>
    </ClCompile>
    <ClCompile Include="TreeObject.cpp">
      <Filter>Actor\01. MapObject</Filter>
    </ClCompile>
    <ClCompile Include="SoulCardUI.cpp">
      <Filter>Actor\00. Global\UI</Filter>
    </ClCompile>
    <ClCompile Include="GameEngineStatusWindow.cpp">
      <Filter>Actor\00. Global\Gui</Filter>
    </ClCompile>
    <ClCompile Include="SoulCardSelectBox.cpp">
      <Filter>Actor\00. Global\UI</Filter>
    </ClCompile>
    <ClCompile Include="SkillManager.cpp">
      <Filter>Actor\02. Play\Player\Skill</Filter>
    </ClCompile>
    <ClCompile Include="SharpeningStone.cpp">
      <Filter>Actor\02. Play\Player\Skill\Passive\Attack</Filter>
    </ClCompile>
    <ClCompile Include="Cardio.cpp">
      <Filter>Actor\02. Play\Player\Skill\Passive\Attack</Filter>
    </ClCompile>
    <ClCompile Include="SharpEdge.cpp">
      <Filter>Actor\02. Play\Player\Skill\Passive\Attack</Filter>
    </ClCompile>
    <ClCompile Include="Range.cpp">
      <Filter>Actor\02. Play\Player\Skill\Passive\Attack</Filter>
    </ClCompile>
    <ClCompile Include="SoundPlayer.cpp">
      <Filter>Actor\00. Global\Com</Filter>
    </ClCompile>
    <ClCompile Include="TensString.cpp">
      <Filter>Actor\02. Play\Player\Skill\Passive\Attack</Filter>
    </ClCompile>
    <ClCompile Include="Momentum.cpp">
      <Filter>Actor\02. Play\Player\Skill\Passive\Attack</Filter>
    </ClCompile>
    <ClCompile Include="Muscle.cpp">
      <Filter>Actor\02. Play\Player\Skill\Passive\Attack</Filter>
    </ClCompile>
    <ClCompile Include="Compromise.cpp">
      <Filter>Actor\02. Play\Player\Skill\Passive\Attack</Filter>
    </ClCompile>
    <ClCompile Include="Practice.cpp">
      <Filter>Actor\02. Play\Player\Skill\Passive\Attack</Filter>
    </ClCompile>
    <ClCompile Include="DamascusSteel.cpp">
      <Filter>Actor\02. Play\Player\Skill\Passive\Attack</Filter>
    </ClCompile>
    <ClCompile Include="Aiming.cpp">
      <Filter>Actor\02. Play\Player\Skill\Passive\Attack</Filter>
    </ClCompile>
    <ClCompile Include="Area.cpp">
      <Filter>Actor\02. Play\Player\Skill\Passive\Attack</Filter>
    </ClCompile>
    <ClCompile Include="Quick.cpp">
      <Filter>Actor\02. Play\Player\Skill\Passive\Attack</Filter>
    </ClCompile>
    <ClCompile Include="Clumsy.cpp">
      <Filter>Actor\02. Play\Player\Skill\Passive\Attack</Filter>
    </ClCompile>
    <ClCompile Include="TradeOff.cpp">
      <Filter>Actor\02. Play\Player\Skill\Passive\Attack</Filter>
    </ClCompile>
    <ClCompile Include="Celerity.cpp">
      <Filter>Actor\02. Play\Player\Skill\Passive\Attack</Filter>
    </ClCompile>
    <ClCompile Include="GodsWrath.cpp">
      <Filter>Actor\02. Play\Player\Skill\Passive\Attack</Filter>
    </ClCompile>
    <ClCompile Include="Penetration.cpp">
      <Filter>Actor\02. Play\Player\Skill\Passive\Attack</Filter>
    </ClCompile>
    <ClCompile Include="SingleHanded.cpp">
      <Filter>Actor\02. Play\Player\Skill\Passive\Attack</Filter>
    </ClCompile>
    <ClCompile Include="LightHand.cpp">
      <Filter>Actor\02. Play\Player\Skill\Passive\Attack</Filter>
    </ClCompile>
    <ClCompile Include="Hypersonic.cpp">
      <Filter>Actor\02. Play\Player\Skill\Passive\Attack</Filter>
    </ClCompile>
    <ClCompile Include="Texture2DShadowRenderer.cpp">
      <Filter>Level\Global\ContentsSupport\Renderer</Filter>
    </ClCompile>
    <ClCompile Include="FieldRenderingActor.cpp">
      <Filter>Level\Global\ContentsSupport\Actor</Filter>
    </ClCompile>
    <ClCompile Include="DeathAura.cpp">
      <Filter>Actor\02. Play\Player\Skill\Weapon\Range</Filter>
    </ClCompile>
    <ClCompile Include="Cleaver.cpp">
      <Filter>Actor\02. Play\Player\Skill\Weapon\Aim</Filter>
    </ClCompile>
    <ClCompile Include="Spear.cpp">
      <Filter>Actor\02. Play\Player\Skill\Weapon\Aim</Filter>
    </ClCompile>
    <ClCompile Include="Shuriken.cpp">
      <Filter>Actor\02. Play\Player\Skill\Weapon\Target</Filter>
    </ClCompile>
    <ClCompile Include="Bow.cpp">
      <Filter>Actor\02. Play\Player\Skill\Weapon\Target</Filter>
    </ClCompile>
    <ClCompile Include="ThunderStaf.cpp">
      <Filter>Actor\02. Play\Player\Skill\Weapon\Range</Filter>
    </ClCompile>
    <ClCompile Include="Pike.cpp">
      <Filter>Actor\02. Play\Player\Skill\Weapon\Aim</Filter>
    </ClCompile>
    <ClCompile Include="Kunai.cpp">
      <Filter>Actor\02. Play\Player\Skill\Weapon\Aim</Filter>
    </ClCompile>
    <ClCompile Include="WindsBlade.cpp">
      <Filter>Actor\02. Play\Player\Skill\Weapon\Range</Filter>
    </ClCompile>
    <ClCompile Include="Katana.cpp">
      <Filter>Actor\02. Play\Player\Skill\Weapon\Target</Filter>
    </ClCompile>
    <ClCompile Include="Crossbow.cpp">
      <Filter>Actor\02. Play\Player\Skill\Weapon\Target</Filter>
    </ClCompile>
    <ClCompile Include="Firering.cpp">
      <Filter>Actor\02. Play\Player\Skill\Weapon\Range</Filter>
    </ClCompile>
    <ClCompile Include="Skill.cpp">
      <Filter>Actor\02. Play\Player\Skill</Filter>
    </ClCompile>
    <ClCompile Include="StoneHanded.cpp">
      <Filter>Actor\02. Play\Player\Skill\Passive\Attack</Filter>
    </ClCompile>
    <ClCompile Include="Healthy.cpp">
      <Filter>Actor\02. Play\Player\Skill\Passive\Deffence</Filter>
    </ClCompile>
    <ClCompile Include="StoneSkin.cpp">
      <Filter>Actor\02. Play\Player\Skill\Passive\Deffence</Filter>
    </ClCompile>
    <ClCompile Include="IronWill.cpp">
      <Filter>Actor\02. Play\Player\Skill\Passive\Deffence</Filter>
    </ClCompile>
    <ClCompile Include="HealingFactor.cpp">
      <Filter>Actor\02. Play\Player\Skill\Passive\Deffence</Filter>
    </ClCompile>
    <ClCompile Include="Brown.cpp">
      <Filter>Actor\02. Play\Monster\Nomal</Filter>
    </ClCompile>
    <ClCompile Include="NormalGoblin.cpp">
      <Filter>Actor\02. Play\Monster\Nomal</Filter>
    </ClCompile>
    <ClCompile Include="RedFlyingEyes.cpp">
      <Filter>Actor\02. Play\Monster\Nomal</Filter>
    </ClCompile>
    <ClCompile Include="Durability.cpp">
      <Filter>Actor\02. Play\Player\Skill\Passive\Deffence</Filter>
    </ClCompile>
    <ClCompile Include="BlackBlood.cpp">
      <Filter>Actor\02. Play\Player\Skill\Passive\Deffence</Filter>
    </ClCompile>
    <ClCompile Include="LightArmor.cpp">
      <Filter>Actor\02. Play\Player\Skill\Passive\Deffence</Filter>
    </ClCompile>
    <ClCompile Include="IronSkin.cpp">
      <Filter>Actor\02. Play\Player\Skill\Passive\Deffence</Filter>
    </ClCompile>
    <ClCompile Include="SlipperySkin.cpp">
      <Filter>Actor\02. Play\Player\Skill\Passive\Deffence</Filter>
    </ClCompile>
    <ClCompile Include="Impenetrable.cpp">
      <Filter>Actor\02. Play\Player\Skill\Passive\Deffence</Filter>
    </ClCompile>
    <ClCompile Include="Tower.cpp">
      <Filter>Actor\02. Play\Player\Skill\Passive\Deffence</Filter>
    </ClCompile>
    <ClCompile Include="SteelSkin.cpp">
      <Filter>Actor\02. Play\Player\Skill\Passive\Deffence</Filter>
    </ClCompile>
    <ClCompile Include="Thorn.cpp">
      <Filter>Actor\02. Play\Player\Skill\Passive\Deffence</Filter>
    </ClCompile>
    <ClCompile Include="Castle.cpp">
      <Filter>Actor\02. Play\Player\Skill\Passive\Deffence</Filter>
    </ClCompile>
    <ClCompile Include="LowPressure.cpp">
      <Filter>Actor\02. Play\Player\Skill\Passive\Sub</Filter>
    </ClCompile>
    <ClCompile Include="Agility.cpp">
      <Filter>Actor\02. Play\Player\Skill\Passive\Sub</Filter>
    </ClCompile>
    <ClCompile Include="Void.cpp">
      <Filter>Actor\02. Play\Player\Skill\Passive\Sub</Filter>
    </ClCompile>
    <ClCompile Include="Student.cpp">
      <Filter>Actor\02. Play\Player\Skill\Passive\Sub</Filter>
    </ClCompile>
    <ClCompile Include="Dash.cpp">
      <Filter>Actor\02. Play\Player\Skill\Passive\Sub</Filter>
    </ClCompile>
    <ClCompile Include="DashCooldown.cpp">
      <Filter>Actor\02. Play\Player\Skill\Passive\Sub</Filter>
    </ClCompile>
    <ClCompile Include="WorldMapRenderingActor.cpp">
      <Filter>Level\Global\ContentsSupport\Actor</Filter>
    </ClCompile>
    <ClCompile Include="StageObject.cpp">
      <Filter>Actor\01. MapObject</Filter>
    </ClCompile>
    <ClCompile Include="StageCreater.cpp">
      <Filter>Actor\01. MapObject</Filter>
    </ClCompile>
    <ClCompile Include="RoadObject.cpp">
      <Filter>Actor\01. MapObject</Filter>
    </ClCompile>
    <ClCompile Include="PlayerObject.cpp">
      <Filter>Actor\01. MapObject</Filter>
    </ClCompile>
    <ClCompile Include="GameItemObject.cpp">
      <Filter>Actor\02. Play\GameObject</Filter>
    </ClCompile>
    <ClCompile Include="GameItemObjectManager.cpp">
      <Filter>Actor\02. Play\GameObject</Filter>
    </ClCompile>
    <ClCompile Include="StageClearMap.cpp">
      <Filter>Actor\01. MapObject</Filter>
    </ClCompile>
    <ClCompile Include="ClearLevel.cpp">
      <Filter>Level</Filter>
    </ClCompile>
    <ClCompile Include="TestActor.cpp">
      <Filter>Actor\00. Global\Actor</Filter>
    </ClCompile>
    <ClCompile Include="ClearUIBox.cpp">
      <Filter>Actor\00. Global\UI</Filter>
    </ClCompile>
    <ClCompile Include="Boss01.cpp">
      <Filter>Actor\02. Play\Monster\Boss</Filter>
    </ClCompile>
    <ClCompile Include="NormalKobold.cpp">
      <Filter>Actor\02. Play\Monster\Nomal</Filter>
    </ClCompile>
    <ClCompile Include="NormalSkeleton.cpp">
      <Filter>Actor\02. Play\Monster\Nomal</Filter>
    </ClCompile>
    <ClCompile Include="GoblinLivesey.cpp">
      <Filter>Actor\02. Play\Monster\Elite</Filter>
    </ClCompile>
    <ClCompile Include="KoboldLivesey.cpp">
      <Filter>Actor\02. Play\Monster\Elite</Filter>
    </ClCompile>
    <ClCompile Include="FlyingEyes.cpp">
      <Filter>Actor\02. Play\Monster\Nomal</Filter>
    </ClCompile>
    <ClCompile Include="BlackEyes.cpp">
      <Filter>Actor\02. Play\Monster\Elite</Filter>
    </ClCompile>
    <ClCompile Include="Green.cpp">
      <Filter>Actor\02. Play\Monster\Elite</Filter>
    </ClCompile>
    <ClCompile Include="Red.cpp">
      <Filter>Actor\02. Play\Monster\Nomal</Filter>
    </ClCompile>
    <ClCompile Include="Projectile.cpp">
      <Filter>Actor\02. Play\GameObject</Filter>
    </ClCompile>
    <ClCompile Include="DashUI.cpp">
      <Filter>Actor\00. Global\UI</Filter>
    </ClCompile>
    <ClCompile Include="MagicCircle.cpp">
      <Filter>Actor\02. Play\GameObject</Filter>
    </ClCompile>
    <ClCompile Include="SpearProjectile.cpp">
      <Filter>Actor\02. Play\GameObject</Filter>
    </ClCompile>
    <ClCompile Include="KunaiProjectile.cpp">
      <Filter>Actor\02. Play\GameObject</Filter>
    </ClCompile>
    <ClCompile Include="PikeProjectile.cpp">
      <Filter>Actor\02. Play\GameObject</Filter>
    </ClCompile>
    <ClCompile Include="CleaverProjectile.cpp">
      <Filter>Actor\02. Play\GameObject</Filter>
    </ClCompile>
    <ClCompile Include="WindsBladeProjectile.cpp">
      <Filter>Actor\02. Play\GameObject</Filter>
    </ClCompile>
    <ClCompile Include="ShopButton.cpp">
      <Filter>Actor\00. Global\UI</Filter>
    </ClCompile>
    <ClCompile Include="ShopLevel.cpp">
      <Filter>Actor\00. Global\UI</Filter>
    </ClCompile>
    <ClCompile Include="ShopUIBox.cpp">
      <Filter>Actor\00. Global\UI</Filter>
    </ClCompile>
    <ClCompile Include="EndLevel.cpp">
      <Filter>Level</Filter>
    </ClCompile>
    <ClCompile Include="TitleActor.cpp">
      <Filter>Actor\03. End and Title</Filter>
    </ClCompile>
    <ClCompile Include="EndActor.cpp">
      <Filter>Actor\03. End and Title</Filter>
    </ClCompile>
  </ItemGroup>
  <ItemGroup>
    <ClInclude Include="PreCompile.h">
      <Filter>PreCompile</Filter>
    </ClInclude>
    <ClInclude Include="ContentsCore.h">
      <Filter>Core</Filter>
    </ClInclude>
    <ClInclude Include="GlobalContentsValue.h" />
    <ClInclude Include="TitleLevel.h">
      <Filter>Level</Filter>
    </ClInclude>
    <ClInclude Include="WorldMapLevel.h">
      <Filter>Level</Filter>
    </ClInclude>
    <ClInclude Include="StageLevel.h">
      <Filter>Level</Filter>
    </ClInclude>
    <ClInclude Include="TestLevel.h">
      <Filter>Level</Filter>
    </ClInclude>
    <ClInclude Include="ShaderTestLevel.h">
      <Filter>Level</Filter>
    </ClInclude>
    <ClInclude Include="TimeActor.h">
      <Filter>Actor\00. Global\Actor</Filter>
    </ClInclude>
    <ClInclude Include="Monster.h">
      <Filter>Actor\02. Play\Monster</Filter>
    </ClInclude>
    <ClInclude Include="Player.h">
      <Filter>Actor\02. Play\Player</Filter>
    </ClInclude>
    <ClInclude Include="LoginUI.h" />
    <ClInclude Include="Mouse.h">
      <Filter>Actor\00. Global\Actor</Filter>
    </ClInclude>
    <ClInclude Include="TreeObject.h">
      <Filter>Actor\01. MapObject</Filter>
    </ClInclude>
    <ClInclude Include="PlayerUI.h">
      <Filter>Actor\00. Global\UI</Filter>
    </ClInclude>
    <ClInclude Include="StageUI.h">
      <Filter>Actor\00. Global\UI</Filter>
    </ClInclude>
    <ClInclude Include="LoginUI.h">
      <Filter>Actor\00. Global\UI</Filter>
    </ClInclude>
    <ClInclude Include="SoulCardUI.h">
      <Filter>Actor\00. Global\UI</Filter>
    </ClInclude>
    <ClInclude Include="GameEngineStatusWindow.h">
      <Filter>Actor\00. Global\Gui</Filter>
    </ClInclude>
    <ClInclude Include="SoulCardSelectBox.h">
      <Filter>Actor\00. Global\UI</Filter>
    </ClInclude>
    <ClInclude Include="SkillManager.h">
      <Filter>Actor\02. Play\Player\Skill</Filter>
    </ClInclude>
    <ClInclude Include="Skill.h">
      <Filter>Actor\02. Play\Player\Skill</Filter>
    </ClInclude>
    <ClInclude Include="SharpeningStone.h">
      <Filter>Actor\02. Play\Player\Skill\Passive\Attack</Filter>
    </ClInclude>
    <ClInclude Include="Cardio.h">
      <Filter>Actor\02. Play\Player\Skill\Passive\Attack</Filter>
    </ClInclude>
    <ClInclude Include="SharpEdge.h">
      <Filter>Actor\02. Play\Player\Skill\Passive\Attack</Filter>
    </ClInclude>
    <ClInclude Include="Range.h">
      <Filter>Actor\02. Play\Player\Skill\Passive\Attack</Filter>
    </ClInclude>
    <ClInclude Include="SoundPlayer.h">
      <Filter>Actor\00. Global\Com</Filter>
    </ClInclude>
    <ClInclude Include="TensString.h">
      <Filter>Actor\02. Play\Player\Skill\Passive\Attack</Filter>
    </ClInclude>
    <ClInclude Include="Momentum.h">
      <Filter>Actor\02. Play\Player\Skill\Passive\Attack</Filter>
    </ClInclude>
    <ClInclude Include="Muscle.h">
      <Filter>Actor\02. Play\Player\Skill\Passive\Attack</Filter>
    </ClInclude>
    <ClInclude Include="Compromise.h">
      <Filter>Actor\02. Play\Player\Skill\Passive\Attack</Filter>
    </ClInclude>
    <ClInclude Include="Practice.h">
      <Filter>Actor\02. Play\Player\Skill\Passive\Attack</Filter>
    </ClInclude>
    <ClInclude Include="DamascusSteel.h">
      <Filter>Actor\02. Play\Player\Skill\Passive\Attack</Filter>
    </ClInclude>
    <ClInclude Include="Aiming.h">
      <Filter>Actor\02. Play\Player\Skill\Passive\Attack</Filter>
    </ClInclude>
    <ClInclude Include="Area.h">
      <Filter>Actor\02. Play\Player\Skill\Passive\Attack</Filter>
    </ClInclude>
    <ClInclude Include="Quick.h">
      <Filter>Actor\02. Play\Player\Skill\Passive\Attack</Filter>
    </ClInclude>
    <ClInclude Include="Clumsy.h">
      <Filter>Actor\02. Play\Player\Skill\Passive\Attack</Filter>
    </ClInclude>
    <ClInclude Include="TradeOff.h">
      <Filter>Actor\02. Play\Player\Skill\Passive\Attack</Filter>
    </ClInclude>
    <ClInclude Include="Celerity.h">
      <Filter>Actor\02. Play\Player\Skill\Passive\Attack</Filter>
    </ClInclude>
    <ClInclude Include="GodsWrath.h">
      <Filter>Actor\02. Play\Player\Skill\Passive\Attack</Filter>
    </ClInclude>
    <ClInclude Include="Penetration.h">
      <Filter>Actor\02. Play\Player\Skill\Passive\Attack</Filter>
    </ClInclude>
    <ClInclude Include="SingleHanded.h">
      <Filter>Actor\02. Play\Player\Skill\Passive\Attack</Filter>
    </ClInclude>
    <ClInclude Include="LightHand.h">
      <Filter>Actor\02. Play\Player\Skill\Passive\Attack</Filter>
    </ClInclude>
    <ClInclude Include="Hypersonic.h">
      <Filter>Actor\02. Play\Player\Skill\Passive\Attack</Filter>
    </ClInclude>
    <ClInclude Include="Texture2DShadowRenderer.h">
      <Filter>Level\Global\ContentsSupport\Renderer</Filter>
    </ClInclude>
    <ClInclude Include="FieldRenderingActor.h">
      <Filter>Level\Global\ContentsSupport\Actor</Filter>
    </ClInclude>
    <ClInclude Include="DeathAura.h">
      <Filter>Actor\02. Play\Player\Skill\Weapon\Range</Filter>
    </ClInclude>
    <ClInclude Include="Cleaver.h">
      <Filter>Actor\02. Play\Player\Skill\Weapon\Aim</Filter>
    </ClInclude>
    <ClInclude Include="Spear.h">
      <Filter>Actor\02. Play\Player\Skill\Weapon\Aim</Filter>
    </ClInclude>
    <ClInclude Include="Shuriken.h">
      <Filter>Actor\02. Play\Player\Skill\Weapon\Target</Filter>
    </ClInclude>
    <ClInclude Include="Bow.h">
      <Filter>Actor\02. Play\Player\Skill\Weapon\Target</Filter>
    </ClInclude>
    <ClInclude Include="ThunderStaf.h">
      <Filter>Actor\02. Play\Player\Skill\Weapon\Range</Filter>
    </ClInclude>
    <ClInclude Include="Pike.h">
      <Filter>Actor\02. Play\Player\Skill\Weapon\Aim</Filter>
    </ClInclude>
    <ClInclude Include="Kunai.h">
      <Filter>Actor\02. Play\Player\Skill\Weapon\Aim</Filter>
    </ClInclude>
    <ClInclude Include="WindsBlade.h">
      <Filter>Actor\02. Play\Player\Skill\Weapon\Range</Filter>
    </ClInclude>
    <ClInclude Include="Katana.h">
      <Filter>Actor\02. Play\Player\Skill\Weapon\Target</Filter>
    </ClInclude>
    <ClInclude Include="Crossbow.h">
      <Filter>Actor\02. Play\Player\Skill\Weapon\Target</Filter>
    </ClInclude>
    <ClInclude Include="Firering.h">
      <Filter>Actor\02. Play\Player\Skill\Weapon\Range</Filter>
    </ClInclude>
    <ClInclude Include="StoneHanded.h">
      <Filter>Actor\02. Play\Player\Skill\Passive\Attack</Filter>
    </ClInclude>
    <ClInclude Include="Healthy.h">
      <Filter>Actor\02. Play\Player\Skill\Passive\Deffence</Filter>
    </ClInclude>
    <ClInclude Include="StoneSkin.h">
      <Filter>Actor\02. Play\Player\Skill\Passive\Deffence</Filter>
    </ClInclude>
    <ClInclude Include="IronWill.h">
      <Filter>Actor\02. Play\Player\Skill\Passive\Deffence</Filter>
    </ClInclude>
    <ClInclude Include="HealingFactor.h">
      <Filter>Actor\02. Play\Player\Skill\Passive\Deffence</Filter>
    </ClInclude>
    <ClInclude Include="Brown.h">
      <Filter>Actor\02. Play\Monster\Nomal</Filter>
    </ClInclude>
    <ClInclude Include="NormalGoblin.h">
      <Filter>Actor\02. Play\Monster\Nomal</Filter>
    </ClInclude>
    <ClInclude Include="RedFlyingEyes.h">
      <Filter>Actor\02. Play\Monster\Nomal</Filter>
    </ClInclude>
    <ClInclude Include="Durability.h">
      <Filter>Actor\02. Play\Player\Skill\Passive\Deffence</Filter>
    </ClInclude>
    <ClInclude Include="BlackBlood.h">
      <Filter>Actor\02. Play\Player\Skill\Passive\Deffence</Filter>
    </ClInclude>
    <ClInclude Include="LightArmor.h">
      <Filter>Actor\02. Play\Player\Skill\Passive\Deffence</Filter>
    </ClInclude>
    <ClInclude Include="IronSkin.h">
      <Filter>Actor\02. Play\Player\Skill\Passive\Deffence</Filter>
    </ClInclude>
    <ClInclude Include="SlipperySkin.h">
      <Filter>Actor\02. Play\Player\Skill\Passive\Deffence</Filter>
    </ClInclude>
    <ClInclude Include="Impenetrable.h">
      <Filter>Actor\02. Play\Player\Skill\Passive\Deffence</Filter>
    </ClInclude>
    <ClInclude Include="Tower.h">
      <Filter>Actor\02. Play\Player\Skill\Passive\Deffence</Filter>
    </ClInclude>
    <ClInclude Include="SteelSkin.h">
      <Filter>Actor\02. Play\Player\Skill\Passive\Deffence</Filter>
    </ClInclude>
    <ClInclude Include="Thorn.h">
      <Filter>Actor\02. Play\Player\Skill\Passive\Deffence</Filter>
    </ClInclude>
    <ClInclude Include="Castle.h">
      <Filter>Actor\02. Play\Player\Skill\Passive\Deffence</Filter>
    </ClInclude>
    <ClInclude Include="LowPressure.h">
      <Filter>Actor\02. Play\Player\Skill\Passive\Sub</Filter>
    </ClInclude>
    <ClInclude Include="Agility.h">
      <Filter>Actor\02. Play\Player\Skill\Passive\Sub</Filter>
    </ClInclude>
    <ClInclude Include="Void.h">
      <Filter>Actor\02. Play\Player\Skill\Passive\Sub</Filter>
    </ClInclude>
    <ClInclude Include="Student.h">
      <Filter>Actor\02. Play\Player\Skill\Passive\Sub</Filter>
    </ClInclude>
    <ClInclude Include="Dash.h">
      <Filter>Actor\02. Play\Player\Skill\Passive\Sub</Filter>
    </ClInclude>
    <ClInclude Include="DashCooldown.h">
      <Filter>Actor\02. Play\Player\Skill\Passive\Sub</Filter>
    </ClInclude>
    <ClInclude Include="WorldMapRenderingActor.h">
      <Filter>Level\Global\ContentsSupport\Actor</Filter>
    </ClInclude>
    <ClInclude Include="StageObject.h">
      <Filter>Actor\01. MapObject</Filter>
    </ClInclude>
    <ClInclude Include="StageCreater.h">
      <Filter>Actor\01. MapObject</Filter>
    </ClInclude>
    <ClInclude Include="RoadObject.h">
      <Filter>Actor\01. MapObject</Filter>
    </ClInclude>
    <ClInclude Include="PlayerObject.h">
      <Filter>Actor\01. MapObject</Filter>
    </ClInclude>
    <ClInclude Include="GameItemObject.h">
      <Filter>Actor\02. Play\GameObject</Filter>
    </ClInclude>
    <ClInclude Include="GameItemObjectManager.h">
      <Filter>Actor\02. Play\GameObject</Filter>
    </ClInclude>
    <ClInclude Include="StageClearMap.h">
      <Filter>Actor\01. MapObject</Filter>
    </ClInclude>
    <ClInclude Include="ClearLevel.h">
      <Filter>Level</Filter>
    </ClInclude>
    <ClInclude Include="TestActor.h">
      <Filter>Actor\00. Global\Actor</Filter>
    </ClInclude>
    <ClInclude Include="ClearUIBox.h">
      <Filter>Actor\00. Global\UI</Filter>
    </ClInclude>
    <ClInclude Include="Boss01.h">
      <Filter>Actor\02. Play\Monster\Boss</Filter>
    </ClInclude>
    <ClInclude Include="NormalKobold.h">
      <Filter>Actor\02. Play\Monster\Nomal</Filter>
    </ClInclude>
    <ClInclude Include="NormalSkeleton.h">
      <Filter>Actor\02. Play\Monster\Nomal</Filter>
    </ClInclude>
    <ClInclude Include="GoblinLivesey.h">
      <Filter>Actor\02. Play\Monster\Elite</Filter>
    </ClInclude>
    <ClInclude Include="KoboldLivesey.h">
      <Filter>Actor\02. Play\Monster\Elite</Filter>
    </ClInclude>
    <ClInclude Include="FlyingEyes.h">
      <Filter>Actor\02. Play\Monster\Nomal</Filter>
    </ClInclude>
    <ClInclude Include="BlackEyes.h">
      <Filter>Actor\02. Play\Monster\Elite</Filter>
    </ClInclude>
    <ClInclude Include="Green.h">
      <Filter>Actor\02. Play\Monster\Elite</Filter>
    </ClInclude>
    <ClInclude Include="Red.h">
      <Filter>Actor\02. Play\Monster\Nomal</Filter>
    </ClInclude>
    <ClInclude Include="Projectile.h">
      <Filter>Actor\02. Play\GameObject</Filter>
    </ClInclude>
    <ClInclude Include="DashUI.h">
      <Filter>Actor\00. Global\UI</Filter>
    </ClInclude>
    <ClInclude Include="MagicCircle.h">
      <Filter>Actor\02. Play\GameObject</Filter>
    </ClInclude>
    <ClInclude Include="SpearProjectile.h">
      <Filter>Actor\02. Play\GameObject</Filter>
    </ClInclude>
    <ClInclude Include="KunaiProjectile.h">
      <Filter>Actor\02. Play\GameObject</Filter>
    </ClInclude>
    <ClInclude Include="PikeProjectile.h">
      <Filter>Actor\02. Play\GameObject</Filter>
    </ClInclude>
    <ClInclude Include="CleaverProjectile.h">
      <Filter>Actor\02. Play\GameObject</Filter>
    </ClInclude>
    <ClInclude Include="ShopButton.h">
      <Filter>Actor\00. Global\UI</Filter>
    </ClInclude>
    <ClInclude Include="ShopLevel.h">
      <Filter>Actor\00. Global\UI</Filter>
    </ClInclude>
    <ClInclude Include="ShopUIBox.h">
      <Filter>Actor\00. Global\UI</Filter>
    </ClInclude>
    <ClInclude Include="WindsBladeProjectile.h">
      <Filter>Actor\02. Play\GameObject</Filter>
    </ClInclude>
    <ClInclude Include="EndLevel.h">
      <Filter>Level</Filter>
    </ClInclude>
    <ClInclude Include="TitleActor.h">
      <Filter>Actor\03. End and Title</Filter>
    </ClInclude>
    <ClInclude Include="EndActor.h">
      <Filter>Actor\03. End and Title</Filter>
    </ClInclude>
  </ItemGroup>
</Project>