<?xml version="1.0" encoding="utf-8"?>
<Project ToolsVersion="4.0" xmlns="http://schemas.microsoft.com/developer/msbuild/2003">
  <ItemGroup>
    <Filter Include="Actor">
      <UniqueIdentifier>{d9ca16bb-3410-433a-81e3-f72cb3564401}</UniqueIdentifier>
    </Filter>
    <Filter Include="PreCompile">
      <UniqueIdentifier>{9108e38e-43e8-4c9f-abeb-deece498860e}</UniqueIdentifier>
    </Filter>
    <Filter Include="Core">
      <UniqueIdentifier>{3aa935bf-c64f-4d01-81da-9c185fd54c57}</UniqueIdentifier>
    </Filter>
    <Filter Include="Actor\00. Global">
      <UniqueIdentifier>{23be44f3-ea54-4a44-9e0d-d3274cf8c33a}</UniqueIdentifier>
    </Filter>
    <Filter Include="Actor\02. Play">
      <UniqueIdentifier>{88d4ff25-7ace-4d9d-8f72-7ee0ddc30e4e}</UniqueIdentifier>
    </Filter>
    <Filter Include="Actor\00. Global\Actor">
      <UniqueIdentifier>{ba306fd0-5b4f-4cb3-9ad3-9600af026f20}</UniqueIdentifier>
    </Filter>
    <Filter Include="Actor\00. Global\Gui">
      <UniqueIdentifier>{7292cf92-6206-40f0-b95f-eaf527fee2cf}</UniqueIdentifier>
    </Filter>
    <Filter Include="Level">
      <UniqueIdentifier>{cf75bfa8-49ff-4b38-a299-672f96be44d5}</UniqueIdentifier>
    </Filter>
    <Filter Include="Renderer">
      <UniqueIdentifier>{49eaa654-7298-49ed-b9f7-9ed69c2a1903}</UniqueIdentifier>
    </Filter>
    <Filter Include="Actor\02. Play\Monster">
      <UniqueIdentifier>{3a6c1ce7-1d1e-44f8-8cb6-802ff0ac031c}</UniqueIdentifier>
    </Filter>
    <Filter Include="Actor\02. Play\Player">
      <UniqueIdentifier>{439cf48d-d902-482e-8f90-b697aca15416}</UniqueIdentifier>
    </Filter>
    <Filter Include="Level\Global">
      <UniqueIdentifier>{511b7861-1332-4deb-b12c-bdb89781028c}</UniqueIdentifier>
    </Filter>
    <Filter Include="Level\Global\ContentsSupport">
      <UniqueIdentifier>{a41ccc3f-24c4-41b8-b718-89a3d9fc90dc}</UniqueIdentifier>
    </Filter>
    <Filter Include="Actor\01. MapObject">
      <UniqueIdentifier>{636c1011-855a-4abe-8f80-049319fbe7cc}</UniqueIdentifier>
    </Filter>
    <Filter Include="Actor\00. Global\UI">
      <UniqueIdentifier>{225ab8d9-c46e-4642-8d1d-2b7af4400a48}</UniqueIdentifier>
    </Filter>
  </ItemGroup>
  <ItemGroup>
    <ClCompile Include="PreCompile.cpp">
      <Filter>PreCompile</Filter>
    </ClCompile>
    <ClCompile Include="ContentsCore.cpp">
      <Filter>Core</Filter>
    </ClCompile>
    <ClCompile Include="GlobalContentsValue.cpp" />
    <ClCompile Include="TileMapActor.cpp">
      <Filter>Actor\00. Global\Actor</Filter>
    </ClCompile>
    <ClCompile Include="MetaSpriteWindow.cpp">
      <Filter>Actor\00. Global\Gui</Filter>
    </ClCompile>
    <ClCompile Include="MapEditorWindow.cpp">
      <Filter>Actor\00. Global\Gui</Filter>
    </ClCompile>
    <ClCompile Include="TileMapRenderer.cpp">
      <Filter>Renderer</Filter>
    </ClCompile>
    <ClCompile Include="TitleLevel.cpp">
      <Filter>Level</Filter>
    </ClCompile>
    <ClCompile Include="WorldMapLevel.cpp">
      <Filter>Level</Filter>
    </ClCompile>
    <ClCompile Include="StageLevel.cpp">
      <Filter>Level</Filter>
    </ClCompile>
    <ClCompile Include="TestLevel.cpp">
      <Filter>Level</Filter>
    </ClCompile>
    <ClCompile Include="ShaderTestLevel.cpp">
      <Filter>Level</Filter>
    </ClCompile>
    <ClCompile Include="MyTileMapRenderer.cpp">
      <Filter>Renderer</Filter>
    </ClCompile>
    <ClCompile Include="TimeActor.cpp">
      <Filter>Actor\00. Global\Actor</Filter>
    </ClCompile>
    <ClCompile Include="BlackEyes.cpp">
      <Filter>Actor\02. Play\Monster</Filter>
    </ClCompile>
    <ClCompile Include="Monster.cpp">
      <Filter>Actor\02. Play\Monster</Filter>
    </ClCompile>
    <ClCompile Include="Player.cpp">
      <Filter>Actor\02. Play\Player</Filter>
    </ClCompile>
    <ClCompile Include="FlyingEyes.cpp">
      <Filter>Actor\02. Play\Monster</Filter>
    </ClCompile>
    <ClCompile Include="Brown.cpp">
      <Filter>Actor\02. Play\Monster</Filter>
    </ClCompile>
    <ClCompile Include="Green.cpp">
      <Filter>Actor\02. Play\Monster</Filter>
    </ClCompile>
    <ClCompile Include="NormalGoblin.cpp">
      <Filter>Actor\02. Play\Monster</Filter>
    </ClCompile>
    <ClCompile Include="RedFlyingEyes.cpp">
      <Filter>Actor\02. Play\Monster</Filter>
    </ClCompile>
    <ClCompile Include="WorldMapActor.cpp">
      <Filter>Actor\00. Global\Actor</Filter>
    </ClCompile>
    <ClCompile Include="MyWorldMapRenderer.cpp">
      <Filter>Renderer</Filter>
    </ClCompile>
    <ClCompile Include="Mouse.cpp">
      <Filter>Actor\00. Global\Actor</Filter>
    </ClCompile>
    <ClCompile Include="Texture2DShadowRenderer.cpp">
      <Filter>Level\Global\ContentsSupport</Filter>
    </ClCompile>
    <ClCompile Include="PlayerUI.cpp">
      <Filter>Actor\00. Global\UI</Filter>
    </ClCompile>
    <ClCompile Include="StageUI.cpp">
      <Filter>Actor\00. Global\UI</Filter>
    </ClCompile>
    <ClCompile Include="LoginUI.cpp">
      <Filter>Actor\00. Global\UI</Filter>
    </ClCompile>
    <ClCompile Include="TreeObject.cpp">
      <Filter>Actor\01. MapObject</Filter>
    </ClCompile>
    <ClCompile Include="SoulCardUI.cpp">
      <Filter>Actor\00. Global\UI</Filter>
    </ClCompile>
    <ClCompile Include="GameEngineStatusWindow.cpp">
      <Filter>Actor\00. Global\Gui</Filter>
    </ClCompile>
    <ClCompile Include="InstancingTextures.cpp">
      <Filter>Level\Global\ContentsSupport</Filter>
    </ClCompile>
  </ItemGroup>
  <ItemGroup>
    <ClInclude Include="PreCompile.h">
      <Filter>PreCompile</Filter>
    </ClInclude>
    <ClInclude Include="ContentsCore.h">
      <Filter>Core</Filter>
    </ClInclude>
    <ClInclude Include="GlobalContentsValue.h" />
    <ClInclude Include="TileMapActor.h">
      <Filter>Actor\00. Global\Actor</Filter>
    </ClInclude>
    <ClInclude Include="MetaSpriteWindow.h">
      <Filter>Actor\00. Global\Gui</Filter>
    </ClInclude>
    <ClInclude Include="MapEditorWindow.h">
      <Filter>Actor\00. Global\Gui</Filter>
    </ClInclude>
    <ClInclude Include="TileMapRenderer.h">
      <Filter>Renderer</Filter>
    </ClInclude>
    <ClInclude Include="TitleLevel.h">
      <Filter>Level</Filter>
    </ClInclude>
    <ClInclude Include="WorldMapLevel.h">
      <Filter>Level</Filter>
    </ClInclude>
    <ClInclude Include="StageLevel.h">
      <Filter>Level</Filter>
    </ClInclude>
    <ClInclude Include="TestLevel.h">
      <Filter>Level</Filter>
    </ClInclude>
    <ClInclude Include="ShaderTestLevel.h">
      <Filter>Level</Filter>
    </ClInclude>
    <ClInclude Include="MyTileMapRenderer.h">
      <Filter>Renderer</Filter>
    </ClInclude>
    <ClInclude Include="TimeActor.h">
      <Filter>Actor\00. Global\Actor</Filter>
    </ClInclude>
    <ClInclude Include="BlackEyes.h">
      <Filter>Actor\02. Play\Monster</Filter>
    </ClInclude>
    <ClInclude Include="Monster.h">
      <Filter>Actor\02. Play\Monster</Filter>
    </ClInclude>
    <ClInclude Include="Player.h">
      <Filter>Actor\02. Play\Player</Filter>
    </ClInclude>
    <ClInclude Include="FlyingEyes.h">
      <Filter>Actor\02. Play\Monster</Filter>
    </ClInclude>
    <ClInclude Include="Brown.h">
      <Filter>Actor\02. Play\Monster</Filter>
    </ClInclude>
    <ClInclude Include="Green.h">
      <Filter>Actor\02. Play\Monster</Filter>
    </ClInclude>
    <ClInclude Include="NormalGoblin.h">
      <Filter>Actor\02. Play\Monster</Filter>
    </ClInclude>
    <ClInclude Include="RedFlyingEyes.h">
      <Filter>Actor\02. Play\Monster</Filter>
    </ClInclude>
    <ClInclude Include="LoginUI.h" />
    <ClInclude Include="MyWorldMapRenderer.h">
      <Filter>Renderer</Filter>
    </ClInclude>
    <ClInclude Include="WorldMapActor.h">
      <Filter>Actor\00. Global\Actor</Filter>
    </ClInclude>
    <ClInclude Include="Mouse.h">
      <Filter>Actor\00. Global\Actor</Filter>
    </ClInclude>
    <ClInclude Include="Texture2DShadowRenderer.h">
      <Filter>Level\Global\ContentsSupport</Filter>
    </ClInclude>
    <ClInclude Include="TreeObject.h">
      <Filter>Actor\01. MapObject</Filter>
    </ClInclude>
    <ClInclude Include="PlayerUI.h">
      <Filter>Actor\00. Global\UI</Filter>
    </ClInclude>
    <ClInclude Include="StageUI.h">
      <Filter>Actor\00. Global\UI</Filter>
    </ClInclude>
    <ClInclude Include="LoginUI.h">
      <Filter>Actor\00. Global\UI</Filter>
    </ClInclude>
    <ClInclude Include="SoulCardUI.h">
      <Filter>Actor\00. Global\UI</Filter>
    </ClInclude>
    <ClInclude Include="GameEngineStatusWindow.h">
      <Filter>Actor\00. Global\Gui</Filter>
    </ClInclude>
    <ClInclude Include="InstancingTextures.h">
      <Filter>Level\Global\ContentsSupport</Filter>
    </ClInclude>
  </ItemGroup>
</Project>